// !$*UTF8*$!
{
	archiveVersion = 1;
	classes = {
	};
	objectVersion = 56;
	objects = {

/* Begin PBXBuildFile section */
		9D9B54237B358510F00105AF /* Pods_Messenger.framework in Frameworks */ = {isa = PBXBuildFile; fileRef = 313D9BA7B44564314FC88F03 /* Pods_Messenger.framework */; };
		D425BF032CDD3F5F001B8B50 /* GoogleService-Info.plist in Resources */ = {isa = PBXBuildFile; fileRef = D425BF022CDD3F5F001B8B50 /* GoogleService-Info.plist */; };
		D47A44AD2C516F190087BD33 /* Login_Ctrl.swift in Sources */ = {isa = PBXBuildFile; fileRef = D47A44AC2C516F190087BD33 /* Login_Ctrl.swift */; };
		D47A44AF2C516F2C0087BD33 /* Register_Ctrl.swift in Sources */ = {isa = PBXBuildFile; fileRef = D47A44AE2C516F2C0087BD33 /* Register_Ctrl.swift */; };
		D47A44B12C516F3D0087BD33 /* Photos_Ctrl.swift in Sources */ = {isa = PBXBuildFile; fileRef = D47A44B02C516F3D0087BD33 /* Photos_Ctrl.swift */; };
		D47A44B32C516F570087BD33 /* Video_Ctrl.swift in Sources */ = {isa = PBXBuildFile; fileRef = D47A44B22C516F570087BD33 /* Video_Ctrl.swift */; };
		D47A44B52C516F740087BD33 /* NewConvo_Ctrl.swift in Sources */ = {isa = PBXBuildFile; fileRef = D47A44B42C516F740087BD33 /* NewConvo_Ctrl.swift */; };
		D47A44B72C516F850087BD33 /* Profile_Ctrl.swift in Sources */ = {isa = PBXBuildFile; fileRef = D47A44B62C516F850087BD33 /* Profile_Ctrl.swift */; };
		D47D829C2C5BE19D007CBA98 /* extensions.swift in Sources */ = {isa = PBXBuildFile; fileRef = D47D829B2C5BE19D007CBA98 /* extensions.swift */; };
		D47F10962CDBD08100D18437 /* databaseManager.swift in Sources */ = {isa = PBXBuildFile; fileRef = D47F10952CDBD07300D18437 /* databaseManager.swift */; };
		D4FFA0322C5052AC00F903EB /* AppDelegate.swift in Sources */ = {isa = PBXBuildFile; fileRef = D4FFA0312C5052AC00F903EB /* AppDelegate.swift */; };
		D4FFA0342C5052AC00F903EB /* SceneDelegate.swift in Sources */ = {isa = PBXBuildFile; fileRef = D4FFA0332C5052AC00F903EB /* SceneDelegate.swift */; };
		D4FFA0362C5052AC00F903EB /* Convo_Ctrl.swift in Sources */ = {isa = PBXBuildFile; fileRef = D4FFA0352C5052AC00F903EB /* Convo_Ctrl.swift */; };
		D4FFA0392C5052AC00F903EB /* Base in Resources */ = {isa = PBXBuildFile; fileRef = D4FFA0382C5052AC00F903EB /* Base */; };
		D4FFA03B2C5052AD00F903EB /* Assets.xcassets in Resources */ = {isa = PBXBuildFile; fileRef = D4FFA03A2C5052AD00F903EB /* Assets.xcassets */; };
		D4FFA03E2C5052AD00F903EB /* Base in Resources */ = {isa = PBXBuildFile; fileRef = D4FFA03D2C5052AD00F903EB /* Base */; };
/* End PBXBuildFile section */

/* Begin PBXFileReference section */
		2C25912372242168BDC87879 /* Pods-Messenger.debug.xcconfig */ = {isa = PBXFileReference; includeInIndex = 1; lastKnownFileType = text.xcconfig; name = "Pods-Messenger.debug.xcconfig"; path = "Target Support Files/Pods-Messenger/Pods-Messenger.debug.xcconfig"; sourceTree = "<group>"; };
		313D9BA7B44564314FC88F03 /* Pods_Messenger.framework */ = {isa = PBXFileReference; explicitFileType = wrapper.framework; includeInIndex = 0; path = Pods_Messenger.framework; sourceTree = BUILT_PRODUCTS_DIR; };
		99C82EC288B6E488A5A69401 /* Pods-Messenger.release.xcconfig */ = {isa = PBXFileReference; includeInIndex = 1; lastKnownFileType = text.xcconfig; name = "Pods-Messenger.release.xcconfig"; path = "Target Support Files/Pods-Messenger/Pods-Messenger.release.xcconfig"; sourceTree = "<group>"; };
		D425BF022CDD3F5F001B8B50 /* GoogleService-Info.plist */ = {isa = PBXFileReference; lastKnownFileType = text.plist.xml; path = "GoogleService-Info.plist"; sourceTree = "<group>"; };
		D47A44AC2C516F190087BD33 /* Login_Ctrl.swift */ = {isa = PBXFileReference; lastKnownFileType = sourcecode.swift; path = Login_Ctrl.swift; sourceTree = "<group>"; };
		D47A44AE2C516F2C0087BD33 /* Register_Ctrl.swift */ = {isa = PBXFileReference; lastKnownFileType = sourcecode.swift; path = Register_Ctrl.swift; sourceTree = "<group>"; };
		D47A44B02C516F3D0087BD33 /* Photos_Ctrl.swift */ = {isa = PBXFileReference; lastKnownFileType = sourcecode.swift; path = Photos_Ctrl.swift; sourceTree = "<group>"; };
		D47A44B22C516F570087BD33 /* Video_Ctrl.swift */ = {isa = PBXFileReference; lastKnownFileType = sourcecode.swift; path = Video_Ctrl.swift; sourceTree = "<group>"; };
		D47A44B42C516F740087BD33 /* NewConvo_Ctrl.swift */ = {isa = PBXFileReference; lastKnownFileType = sourcecode.swift; path = NewConvo_Ctrl.swift; sourceTree = "<group>"; };
		D47A44B62C516F850087BD33 /* Profile_Ctrl.swift */ = {isa = PBXFileReference; lastKnownFileType = sourcecode.swift; path = Profile_Ctrl.swift; sourceTree = "<group>"; };
		D47D829B2C5BE19D007CBA98 /* extensions.swift */ = {isa = PBXFileReference; lastKnownFileType = sourcecode.swift; path = extensions.swift; sourceTree = "<group>"; };
		D47F10952CDBD07300D18437 /* databaseManager.swift */ = {isa = PBXFileReference; lastKnownFileType = sourcecode.swift; path = databaseManager.swift; sourceTree = "<group>"; };
		D4FFA02E2C5052AC00F903EB /* Messenger.app */ = {isa = PBXFileReference; explicitFileType = wrapper.application; includeInIndex = 0; path = Messenger.app; sourceTree = BUILT_PRODUCTS_DIR; };
		D4FFA0312C5052AC00F903EB /* AppDelegate.swift */ = {isa = PBXFileReference; lastKnownFileType = sourcecode.swift; path = AppDelegate.swift; sourceTree = "<group>"; };
		D4FFA0332C5052AC00F903EB /* SceneDelegate.swift */ = {isa = PBXFileReference; lastKnownFileType = sourcecode.swift; path = SceneDelegate.swift; sourceTree = "<group>"; };
		D4FFA0352C5052AC00F903EB /* Convo_Ctrl.swift */ = {isa = PBXFileReference; lastKnownFileType = sourcecode.swift; path = Convo_Ctrl.swift; sourceTree = "<group>"; };
		D4FFA0382C5052AC00F903EB /* Base */ = {isa = PBXFileReference; lastKnownFileType = file.storyboard; name = Base; path = Base.lproj/Main.storyboard; sourceTree = "<group>"; };
		D4FFA03A2C5052AD00F903EB /* Assets.xcassets */ = {isa = PBXFileReference; lastKnownFileType = folder.assetcatalog; path = Assets.xcassets; sourceTree = "<group>"; };
		D4FFA03D2C5052AD00F903EB /* Base */ = {isa = PBXFileReference; lastKnownFileType = file.storyboard; name = Base; path = Base.lproj/LaunchScreen.storyboard; sourceTree = "<group>"; };
		D4FFA03F2C5052AD00F903EB /* Info.plist */ = {isa = PBXFileReference; lastKnownFileType = text.plist.xml; path = Info.plist; sourceTree = "<group>"; };
/* End PBXFileReference section */

/* Begin PBXFrameworksBuildPhase section */
		D4FFA02B2C5052AC00F903EB /* Frameworks */ = {
			isa = PBXFrameworksBuildPhase;
			buildActionMask = 2147483647;
			files = (
				9D9B54237B358510F00105AF /* Pods_Messenger.framework in Frameworks */,
			);
			runOnlyForDeploymentPostprocessing = 0;
		};
/* End PBXFrameworksBuildPhase section */

/* Begin PBXGroup section */
		4928A2E8EC93C629C13AEB55 /* Pods */ = {
			isa = PBXGroup;
			children = (
				2C25912372242168BDC87879 /* Pods-Messenger.debug.xcconfig */,
				99C82EC288B6E488A5A69401 /* Pods-Messenger.release.xcconfig */,
			);
			path = Pods;
			sourceTree = "<group>";
		};
		D47A44A62C516DE40087BD33 /* Controllers */ = {
			isa = PBXGroup;
			children = (
				D47A44B82C51716A0087BD33 /* Login */,
				D4FFA0352C5052AC00F903EB /* Convo_Ctrl.swift */,
				D47A44B02C516F3D0087BD33 /* Photos_Ctrl.swift */,
				D47A44B22C516F570087BD33 /* Video_Ctrl.swift */,
				D47A44B42C516F740087BD33 /* NewConvo_Ctrl.swift */,
				D47A44B62C516F850087BD33 /* Profile_Ctrl.swift */,
			);
			path = Controllers;
			sourceTree = "<group>";
		};
		D47A44A72C516E010087BD33 /* Views */ = {
			isa = PBXGroup;
			children = (
				D47A44AA2C516E280087BD33 /* StoryBoards */,
				D4FFA03A2C5052AD00F903EB /* Assets.xcassets */,
			);
			path = Views;
			sourceTree = "<group>";
		};
		D47A44A82C516E0E0087BD33 /* Models */ = {
			isa = PBXGroup;
			children = (
			);
			path = Models;
			sourceTree = "<group>";
		};
		D47A44A92C516E150087BD33 /* ViewModels */ = {
			isa = PBXGroup;
			children = (
			);
			path = ViewModels;
			sourceTree = "<group>";
		};
		D47A44AA2C516E280087BD33 /* StoryBoards */ = {
			isa = PBXGroup;
			children = (
				D4FFA03C2C5052AD00F903EB /* LaunchScreen.storyboard */,
				D4FFA0372C5052AC00F903EB /* Main.storyboard */,
			);
			path = StoryBoards;
			sourceTree = "<group>";
		};
		D47A44AB2C516E770087BD33 /* Resources */ = {
			isa = PBXGroup;
			children = (
				D47F10952CDBD07300D18437 /* databaseManager.swift */,
				D4FFA0312C5052AC00F903EB /* AppDelegate.swift */,
				D4FFA0332C5052AC00F903EB /* SceneDelegate.swift */,
				D47D829B2C5BE19D007CBA98 /* extensions.swift */,
			);
			path = Resources;
			sourceTree = "<group>";
		};
		D47A44B82C51716A0087BD33 /* Login */ = {
			isa = PBXGroup;
			children = (
				D47A44AE2C516F2C0087BD33 /* Register_Ctrl.swift */,
				D47A44AC2C516F190087BD33 /* Login_Ctrl.swift */,
			);
			path = Login;
			sourceTree = "<group>";
		};
		D4FFA0252C5052AC00F903EB = {
			isa = PBXGroup;
			children = (
				D4FFA0302C5052AC00F903EB /* Messenger */,
				D4FFA02F2C5052AC00F903EB /* Products */,
				4928A2E8EC93C629C13AEB55 /* Pods */,
				DBCA6F33DC67D3E389A506A0 /* Frameworks */,
			);
			sourceTree = "<group>";
		};
		D4FFA02F2C5052AC00F903EB /* Products */ = {
			isa = PBXGroup;
			children = (
				D4FFA02E2C5052AC00F903EB /* Messenger.app */,
			);
			name = Products;
			sourceTree = "<group>";
		};
		D4FFA0302C5052AC00F903EB /* Messenger */ = {
			isa = PBXGroup;
			children = (
				D47A44AB2C516E770087BD33 /* Resources */,
				D47A44A92C516E150087BD33 /* ViewModels */,
				D47A44A82C516E0E0087BD33 /* Models */,
				D47A44A72C516E010087BD33 /* Views */,
				D47A44A62C516DE40087BD33 /* Controllers */,
				D4FFA03F2C5052AD00F903EB /* Info.plist */,
				D425BF022CDD3F5F001B8B50 /* GoogleService-Info.plist */,
			);
			path = Messenger;
			sourceTree = "<group>";
		};
		DBCA6F33DC67D3E389A506A0 /* Frameworks */ = {
			isa = PBXGroup;
			children = (
				313D9BA7B44564314FC88F03 /* Pods_Messenger.framework */,
			);
			name = Frameworks;
			sourceTree = "<group>";
		};
/* End PBXGroup section */

/* Begin PBXNativeTarget section */
		D4FFA02D2C5052AC00F903EB /* Messenger */ = {
			isa = PBXNativeTarget;
			buildConfigurationList = D4FFA0422C5052AD00F903EB /* Build configuration list for PBXNativeTarget "Messenger" */;
			buildPhases = (
				C8D07EEB68D491500FE0CE02 /* [CP] Check Pods Manifest.lock */,
				D4FFA02A2C5052AC00F903EB /* Sources */,
				D4FFA02B2C5052AC00F903EB /* Frameworks */,
				D4FFA02C2C5052AC00F903EB /* Resources */,
				ECFD4F8B1CA8081E253CF1D3 /* [CP] Embed Pods Frameworks */,
			);
			buildRules = (
			);
			dependencies = (
			);
			name = Messenger;
			productName = Messenger;
			productReference = D4FFA02E2C5052AC00F903EB /* Messenger.app */;
			productType = "com.apple.product-type.application";
		};
/* End PBXNativeTarget section */

/* Begin PBXProject section */
		D4FFA0262C5052AC00F903EB /* Project object */ = {
			isa = PBXProject;
			attributes = {
				BuildIndependentTargetsInParallel = 1;
				LastSwiftUpdateCheck = 1540;
				LastUpgradeCheck = 1540;
				TargetAttributes = {
					D4FFA02D2C5052AC00F903EB = {
						CreatedOnToolsVersion = 15.4;
					};
				};
			};
			buildConfigurationList = D4FFA0292C5052AC00F903EB /* Build configuration list for PBXProject "Messenger" */;
			compatibilityVersion = "Xcode 14.0";
			developmentRegion = en;
			hasScannedForEncodings = 0;
			knownRegions = (
				en,
				Base,
			);
			mainGroup = D4FFA0252C5052AC00F903EB;
			productRefGroup = D4FFA02F2C5052AC00F903EB /* Products */;
			projectDirPath = "";
			projectRoot = "";
			targets = (
				D4FFA02D2C5052AC00F903EB /* Messenger */,
			);
		};
/* End PBXProject section */

/* Begin PBXResourcesBuildPhase section */
		D4FFA02C2C5052AC00F903EB /* Resources */ = {
			isa = PBXResourcesBuildPhase;
			buildActionMask = 2147483647;
			files = (
				D4FFA03B2C5052AD00F903EB /* Assets.xcassets in Resources */,
				D425BF032CDD3F5F001B8B50 /* GoogleService-Info.plist in Resources */,
				D4FFA03E2C5052AD00F903EB /* Base in Resources */,
				D4FFA0392C5052AC00F903EB /* Base in Resources */,
			);
			runOnlyForDeploymentPostprocessing = 0;
		};
/* End PBXResourcesBuildPhase section */

/* Begin PBXShellScriptBuildPhase section */
		C8D07EEB68D491500FE0CE02 /* [CP] Check Pods Manifest.lock */ = {
			isa = PBXShellScriptBuildPhase;
			buildActionMask = 2147483647;
			files = (
			);
			inputFileListPaths = (
			);
			inputPaths = (
				"${PODS_PODFILE_DIR_PATH}/Podfile.lock",
				"${PODS_ROOT}/Manifest.lock",
			);
			name = "[CP] Check Pods Manifest.lock";
			outputFileListPaths = (
			);
			outputPaths = (
				"$(DERIVED_FILE_DIR)/Pods-Messenger-checkManifestLockResult.txt",
			);
			runOnlyForDeploymentPostprocessing = 0;
			shellPath = /bin/sh;
			shellScript = "diff \"${PODS_PODFILE_DIR_PATH}/Podfile.lock\" \"${PODS_ROOT}/Manifest.lock\" > /dev/null\nif [ $? != 0 ] ; then\n    # print error to STDERR\n    echo \"error: The sandbox is not in sync with the Podfile.lock. Run 'pod install' or update your CocoaPods installation.\" >&2\n    exit 1\nfi\n# This output is used by Xcode 'outputs' to avoid re-running this script phase.\necho \"SUCCESS\" > \"${SCRIPT_OUTPUT_FILE_0}\"\n";
			showEnvVarsInLog = 0;
		};
		ECFD4F8B1CA8081E253CF1D3 /* [CP] Embed Pods Frameworks */ = {
			isa = PBXShellScriptBuildPhase;
			buildActionMask = 2147483647;
			files = (
			);
			inputFileListPaths = (
				"${PODS_ROOT}/Target Support Files/Pods-Messenger/Pods-Messenger-frameworks-${CONFIGURATION}-input-files.xcfilelist",
			);
			name = "[CP] Embed Pods Frameworks";
			outputFileListPaths = (
				"${PODS_ROOT}/Target Support Files/Pods-Messenger/Pods-Messenger-frameworks-${CONFIGURATION}-output-files.xcfilelist",
			);
			runOnlyForDeploymentPostprocessing = 0;
			shellPath = /bin/sh;
			shellScript = "\"${PODS_ROOT}/Target Support Files/Pods-Messenger/Pods-Messenger-frameworks.sh\"\n";
			showEnvVarsInLog = 0;
		};
/* End PBXShellScriptBuildPhase section */

/* Begin PBXSourcesBuildPhase section */
		D4FFA02A2C5052AC00F903EB /* Sources */ = {
			isa = PBXSourcesBuildPhase;
			buildActionMask = 2147483647;
			files = (
				D47A44B32C516F570087BD33 /* Video_Ctrl.swift in Sources */,
				D47F10962CDBD08100D18437 /* databaseManager.swift in Sources */,
				D47A44B72C516F850087BD33 /* Profile_Ctrl.swift in Sources */,
				D47A44B52C516F740087BD33 /* NewConvo_Ctrl.swift in Sources */,
				D47A44AF2C516F2C0087BD33 /* Register_Ctrl.swift in Sources */,
				D47A44B12C516F3D0087BD33 /* Photos_Ctrl.swift in Sources */,
				D47D829C2C5BE19D007CBA98 /* extensions.swift in Sources */,
				D47A44AD2C516F190087BD33 /* Login_Ctrl.swift in Sources */,
				D4FFA0362C5052AC00F903EB /* Convo_Ctrl.swift in Sources */,
				D4FFA0322C5052AC00F903EB /* AppDelegate.swift in Sources */,
				D4FFA0342C5052AC00F903EB /* SceneDelegate.swift in Sources */,
			);
			runOnlyForDeploymentPostprocessing = 0;
		};
/* End PBXSourcesBuildPhase section */

/* Begin PBXVariantGroup section */
		D4FFA0372C5052AC00F903EB /* Main.storyboard */ = {
			isa = PBXVariantGroup;
			children = (
				D4FFA0382C5052AC00F903EB /* Base */,
			);
			name = Main.storyboard;
			sourceTree = "<group>";
		};
		D4FFA03C2C5052AD00F903EB /* LaunchScreen.storyboard */ = {
			isa = PBXVariantGroup;
			children = (
				D4FFA03D2C5052AD00F903EB /* Base */,
			);
			name = LaunchScreen.storyboard;
			sourceTree = "<group>";
		};
/* End PBXVariantGroup section */

/* Begin XCBuildConfiguration section */
		D4FFA0402C5052AD00F903EB /* Debug */ = {
			isa = XCBuildConfiguration;
			buildSettings = {
				ALWAYS_SEARCH_USER_PATHS = NO;
				ASSETCATALOG_COMPILER_GENERATE_SWIFT_ASSET_SYMBOL_EXTENSIONS = YES;
				CLANG_ANALYZER_NONNULL = YES;
				CLANG_ANALYZER_NUMBER_OBJECT_CONVERSION = YES_AGGRESSIVE;
				CLANG_CXX_LANGUAGE_STANDARD = "gnu++20";
				CLANG_ENABLE_MODULES = YES;
				CLANG_ENABLE_OBJC_ARC = YES;
				CLANG_ENABLE_OBJC_WEAK = YES;
				CLANG_WARN_BLOCK_CAPTURE_AUTORELEASING = YES;
				CLANG_WARN_BOOL_CONVERSION = YES;
				CLANG_WARN_COMMA = YES;
				CLANG_WARN_CONSTANT_CONVERSION = YES;
				CLANG_WARN_DEPRECATED_OBJC_IMPLEMENTATIONS = YES;
				CLANG_WARN_DIRECT_OBJC_ISA_USAGE = YES_ERROR;
				CLANG_WARN_DOCUMENTATION_COMMENTS = YES;
				CLANG_WARN_EMPTY_BODY = YES;
				CLANG_WARN_ENUM_CONVERSION = YES;
				CLANG_WARN_INFINITE_RECURSION = YES;
				CLANG_WARN_INT_CONVERSION = YES;
				CLANG_WARN_NON_LITERAL_NULL_CONVERSION = YES;
				CLANG_WARN_OBJC_IMPLICIT_RETAIN_SELF = YES;
				CLANG_WARN_OBJC_LITERAL_CONVERSION = YES;
				CLANG_WARN_OBJC_ROOT_CLASS = YES_ERROR;
				CLANG_WARN_QUOTED_INCLUDE_IN_FRAMEWORK_HEADER = YES;
				CLANG_WARN_RANGE_LOOP_ANALYSIS = YES;
				CLANG_WARN_STRICT_PROTOTYPES = YES;
				CLANG_WARN_SUSPICIOUS_MOVE = YES;
				CLANG_WARN_UNGUARDED_AVAILABILITY = YES_AGGRESSIVE;
				CLANG_WARN_UNREACHABLE_CODE = YES;
				CLANG_WARN__DUPLICATE_METHOD_MATCH = YES;
				COPY_PHASE_STRIP = NO;
				DEBUG_INFORMATION_FORMAT = dwarf;
				ENABLE_STRICT_OBJC_MSGSEND = YES;
				ENABLE_TESTABILITY = YES;
				ENABLE_USER_SCRIPT_SANDBOXING = NO;
				GCC_C_LANGUAGE_STANDARD = gnu17;
				GCC_DYNAMIC_NO_PIC = NO;
				GCC_NO_COMMON_BLOCKS = YES;
				GCC_OPTIMIZATION_LEVEL = 0;
				GCC_PREPROCESSOR_DEFINITIONS = (
					"DEBUG=1",
					"$(inherited)",
				);
				GCC_WARN_64_TO_32_BIT_CONVERSION = YES;
				GCC_WARN_ABOUT_RETURN_TYPE = YES_ERROR;
				GCC_WARN_UNDECLARED_SELECTOR = YES;
				GCC_WARN_UNINITIALIZED_AUTOS = YES_AGGRESSIVE;
				GCC_WARN_UNUSED_FUNCTION = YES;
				GCC_WARN_UNUSED_VARIABLE = YES;
				IPHONEOS_DEPLOYMENT_TARGET = 17.5;
				LOCALIZATION_PREFERS_STRING_CATALOGS = YES;
				MTL_ENABLE_DEBUG_INFO = INCLUDE_SOURCE;
				MTL_FAST_MATH = YES;
				ONLY_ACTIVE_ARCH = YES;
				SDKROOT = iphoneos;
				SWIFT_ACTIVE_COMPILATION_CONDITIONS = "DEBUG $(inherited)";
				SWIFT_OPTIMIZATION_LEVEL = "-Onone";
			};
			name = Debug;
		};
		D4FFA0412C5052AD00F903EB /* Release */ = {
			isa = XCBuildConfiguration;
			buildSettings = {
				ALWAYS_SEARCH_USER_PATHS = NO;
				ASSETCATALOG_COMPILER_GENERATE_SWIFT_ASSET_SYMBOL_EXTENSIONS = YES;
				CLANG_ANALYZER_NONNULL = YES;
				CLANG_ANALYZER_NUMBER_OBJECT_CONVERSION = YES_AGGRESSIVE;
				CLANG_CXX_LANGUAGE_STANDARD = "gnu++20";
				CLANG_ENABLE_MODULES = YES;
				CLANG_ENABLE_OBJC_ARC = YES;
				CLANG_ENABLE_OBJC_WEAK = YES;
				CLANG_WARN_BLOCK_CAPTURE_AUTORELEASING = YES;
				CLANG_WARN_BOOL_CONVERSION = YES;
				CLANG_WARN_COMMA = YES;
				CLANG_WARN_CONSTANT_CONVERSION = YES;
				CLANG_WARN_DEPRECATED_OBJC_IMPLEMENTATIONS = YES;
				CLANG_WARN_DIRECT_OBJC_ISA_USAGE = YES_ERROR;
				CLANG_WARN_DOCUMENTATION_COMMENTS = YES;
				CLANG_WARN_EMPTY_BODY = YES;
				CLANG_WARN_ENUM_CONVERSION = YES;
				CLANG_WARN_INFINITE_RECURSION = YES;
				CLANG_WARN_INT_CONVERSION = YES;
				CLANG_WARN_NON_LITERAL_NULL_CONVERSION = YES;
				CLANG_WARN_OBJC_IMPLICIT_RETAIN_SELF = YES;
				CLANG_WARN_OBJC_LITERAL_CONVERSION = YES;
				CLANG_WARN_OBJC_ROOT_CLASS = YES_ERROR;
				CLANG_WARN_QUOTED_INCLUDE_IN_FRAMEWORK_HEADER = YES;
				CLANG_WARN_RANGE_LOOP_ANALYSIS = YES;
				CLANG_WARN_STRICT_PROTOTYPES = YES;
				CLANG_WARN_SUSPICIOUS_MOVE = YES;
				CLANG_WARN_UNGUARDED_AVAILABILITY = YES_AGGRESSIVE;
				CLANG_WARN_UNREACHABLE_CODE = YES;
				CLANG_WARN__DUPLICATE_METHOD_MATCH = YES;
				COPY_PHASE_STRIP = NO;
				DEBUG_INFORMATION_FORMAT = "dwarf-with-dsym";
				ENABLE_NS_ASSERTIONS = NO;
				ENABLE_STRICT_OBJC_MSGSEND = YES;
				ENABLE_USER_SCRIPT_SANDBOXING = NO;
				GCC_C_LANGUAGE_STANDARD = gnu17;
				GCC_NO_COMMON_BLOCKS = YES;
				GCC_WARN_64_TO_32_BIT_CONVERSION = YES;
				GCC_WARN_ABOUT_RETURN_TYPE = YES_ERROR;
				GCC_WARN_UNDECLARED_SELECTOR = YES;
				GCC_WARN_UNINITIALIZED_AUTOS = YES_AGGRESSIVE;
				GCC_WARN_UNUSED_FUNCTION = YES;
				GCC_WARN_UNUSED_VARIABLE = YES;
				IPHONEOS_DEPLOYMENT_TARGET = 17.5;
				LOCALIZATION_PREFERS_STRING_CATALOGS = YES;
				MTL_ENABLE_DEBUG_INFO = NO;
				MTL_FAST_MATH = YES;
				SDKROOT = iphoneos;
				SWIFT_COMPILATION_MODE = wholemodule;
				VALIDATE_PRODUCT = YES;
			};
			name = Release;
		};
		D4FFA0432C5052AD00F903EB /* Debug */ = {
			isa = XCBuildConfiguration;
			baseConfigurationReference = 2C25912372242168BDC87879 /* Pods-Messenger.debug.xcconfig */;
			buildSettings = {
				ASSETCATALOG_COMPILER_APPICON_NAME = AppIcon;
				ASSETCATALOG_COMPILER_GLOBAL_ACCENT_COLOR_NAME = AccentColor;
				CODE_SIGN_IDENTITY = "Apple Development";
				CODE_SIGN_STYLE = Automatic;
				CURRENT_PROJECT_VERSION = 1;
				DEVELOPMENT_TEAM = JHUBN3NR8R;
				GENERATE_INFOPLIST_FILE = YES;
				INFOPLIST_FILE = Messenger/Info.plist;
				INFOPLIST_KEY_CFBundleDisplayName = Messenger;
				INFOPLIST_KEY_NSCameraUsageDescription = "Please allow access to take a profile picture.";
				INFOPLIST_KEY_NSPhotoLibraryAddUsageDescription = "Please allow access to select a photo for your profile.";
				INFOPLIST_KEY_UIApplicationSupportsIndirectInputEvents = YES;
				INFOPLIST_KEY_UILaunchStoryboardName = LaunchScreen;
				INFOPLIST_KEY_UIMainStoryboardFile = Main;
				INFOPLIST_KEY_UISupportedInterfaceOrientations_iPad = "UIInterfaceOrientationPortrait UIInterfaceOrientationPortraitUpsideDown UIInterfaceOrientationLandscapeLeft UIInterfaceOrientationLandscapeRight";
				INFOPLIST_KEY_UISupportedInterfaceOrientations_iPhone = "UIInterfaceOrientationPortrait UIInterfaceOrientationLandscapeLeft UIInterfaceOrientationLandscapeRight";
				LD_RUNPATH_SEARCH_PATHS = (
					"$(inherited)",
					"@executable_path/Frameworks",
				);
				MARKETING_VERSION = 1.0;
				PRODUCT_BUNDLE_IDENTIFIER = messenger.dev;
				PRODUCT_NAME = "$(TARGET_NAME)";
				PROVISIONING_PROFILE_SPECIFIER = "";
				SWIFT_EMIT_LOC_STRINGS = YES;
				SWIFT_VERSION = 5.0;
				TARGETED_DEVICE_FAMILY = "1,2";
			};
			name = Debug;
		};
		D4FFA0442C5052AD00F903EB /* Release */ = {
			isa = XCBuildConfiguration;
			baseConfigurationReference = 99C82EC288B6E488A5A69401 /* Pods-Messenger.release.xcconfig */;
			buildSettings = {
				ASSETCATALOG_COMPILER_APPICON_NAME = AppIcon;
				ASSETCATALOG_COMPILER_GLOBAL_ACCENT_COLOR_NAME = AccentColor;
				CODE_SIGN_IDENTITY = "Apple Development";
				CODE_SIGN_STYLE = Automatic;
				CURRENT_PROJECT_VERSION = 1;
				DEVELOPMENT_TEAM = JHUBN3NR8R;
				GENERATE_INFOPLIST_FILE = YES;
				INFOPLIST_FILE = Messenger/Info.plist;
				INFOPLIST_KEY_CFBundleDisplayName = Messenger;
				INFOPLIST_KEY_NSCameraUsageDescription = "Please allow access to take a profile picture.";
				INFOPLIST_KEY_NSPhotoLibraryAddUsageDescription = "Please allow access to select a photo for your profile.";
				INFOPLIST_KEY_UIApplicationSupportsIndirectInputEvents = YES;
				INFOPLIST_KEY_UILaunchStoryboardName = LaunchScreen;
				INFOPLIST_KEY_UIMainStoryboardFile = Main;
				INFOPLIST_KEY_UISupportedInterfaceOrientations_iPad = "UIInterfaceOrientationPortrait UIInterfaceOrientationPortraitUpsideDown UIInterfaceOrientationLandscapeLeft UIInterfaceOrientationLandscapeRight";
				INFOPLIST_KEY_UISupportedInterfaceOrientations_iPhone = "UIInterfaceOrientationPortrait UIInterfaceOrientationLandscapeLeft UIInterfaceOrientationLandscapeRight";
				LD_RUNPATH_SEARCH_PATHS = (
					"$(inherited)",
					"@executable_path/Frameworks",
				);
				MARKETING_VERSION = 1.0;
				PRODUCT_BUNDLE_IDENTIFIER = messenger.dev;
				PRODUCT_NAME = "$(TARGET_NAME)";
				PROVISIONING_PROFILE_SPECIFIER = "";
				SWIFT_EMIT_LOC_STRINGS = YES;
				SWIFT_VERSION = 5.0;
				TARGETED_DEVICE_FAMILY = "1,2";
			};
			name = Release;
		};
/* End XCBuildConfiguration section */

/* Begin XCConfigurationList section */
		D4FFA0292C5052AC00F903EB /* Build configuration list for PBXProject "Messenger" */ = {
			isa = XCConfigurationList;
			buildConfigurations = (
				D4FFA0402C5052AD00F903EB /* Debug */,
				D4FFA0412C5052AD00F903EB /* Release */,
			);
			defaultConfigurationIsVisible = 0;
			defaultConfigurationName = Release;
		};
		D4FFA0422C5052AD00F903EB /* Build configuration list for PBXNativeTarget "Messenger" */ = {
			isa = XCConfigurationList;
			buildConfigurations = (
				D4FFA0432C5052AD00F903EB /* Debug */,
				D4FFA0442C5052AD00F903EB /* Release */,
			);
			defaultConfigurationIsVisible = 0;
			defaultConfigurationName = Release;
		};
/* End XCConfigurationList section */
	};
	rootObject = D4FFA0262C5052AC00F903EB /* Project object */;
}
